// !$*UTF8*$!
{
	archiveVersion = 1;
	classes = {
	};
	objectVersion = 50;
	objects = {

/* Begin PBXBuildFile section */
		3FD7562F22C3C1EB0099C7BF /* AppDelegate.swift in Sources */ = {isa = PBXBuildFile; fileRef = 3FD7562E22C3C1EB0099C7BF /* AppDelegate.swift */; };
		3FD7563122C3C1EB0099C7BF /* ViewController.swift in Sources */ = {isa = PBXBuildFile; fileRef = 3FD7563022C3C1EB0099C7BF /* ViewController.swift */; };
		3FD7563422C3C1EB0099C7BF /* Main.storyboard in Resources */ = {isa = PBXBuildFile; fileRef = 3FD7563222C3C1EB0099C7BF /* Main.storyboard */; };
		3FD7563622C3C1ED0099C7BF /* Assets.xcassets in Resources */ = {isa = PBXBuildFile; fileRef = 3FD7563522C3C1ED0099C7BF /* Assets.xcassets */; };
		3FD7563922C3C1ED0099C7BF /* LaunchScreen.storyboard in Resources */ = {isa = PBXBuildFile; fileRef = 3FD7563722C3C1ED0099C7BF /* LaunchScreen.storyboard */; };
		3FD7564422C3C1ED0099C7BF /* Is_PrimeTests.swift in Sources */ = {isa = PBXBuildFile; fileRef = 3FD7564322C3C1ED0099C7BF /* Is_PrimeTests.swift */; };
		3FD7564F22C3C1ED0099C7BF /* Is_PrimeUITests.swift in Sources */ = {isa = PBXBuildFile; fileRef = 3FD7564E22C3C1ED0099C7BF /* Is_PrimeUITests.swift */; };
/* End PBXBuildFile section */

/* Begin PBXContainerItemProxy section */
		3FD7564022C3C1ED0099C7BF /* PBXContainerItemProxy */ = {
			isa = PBXContainerItemProxy;
			containerPortal = 3FD7562322C3C1EB0099C7BF /* Project object */;
			proxyType = 1;
			remoteGlobalIDString = 3FD7562A22C3C1EB0099C7BF;
			remoteInfo = "Is Prime";
		};
		3FD7564B22C3C1ED0099C7BF /* PBXContainerItemProxy */ = {
			isa = PBXContainerItemProxy;
			containerPortal = 3FD7562322C3C1EB0099C7BF /* Project object */;
			proxyType = 1;
			remoteGlobalIDString = 3FD7562A22C3C1EB0099C7BF;
			remoteInfo = "Is Prime";
		};
/* End PBXContainerItemProxy section */

/* Begin PBXFileReference section */
		3FD7562B22C3C1EB0099C7BF /* Is Prime.app */ = {isa = PBXFileReference; explicitFileType = wrapper.application; includeInIndex = 0; path = "Is Prime.app"; sourceTree = BUILT_PRODUCTS_DIR; };
		3FD7562E22C3C1EB0099C7BF /* AppDelegate.swift */ = {isa = PBXFileReference; lastKnownFileType = sourcecode.swift; path = AppDelegate.swift; sourceTree = "<group>"; };
		3FD7563022C3C1EB0099C7BF /* ViewController.swift */ = {isa = PBXFileReference; lastKnownFileType = sourcecode.swift; path = ViewController.swift; sourceTree = "<group>"; };
		3FD7563322C3C1EB0099C7BF /* Base */ = {isa = PBXFileReference; lastKnownFileType = file.storyboard; name = Base; path = Base.lproj/Main.storyboard; sourceTree = "<group>"; };
		3FD7563522C3C1ED0099C7BF /* Assets.xcassets */ = {isa = PBXFileReference; lastKnownFileType = folder.assetcatalog; path = Assets.xcassets; sourceTree = "<group>"; };
		3FD7563822C3C1ED0099C7BF /* Base */ = {isa = PBXFileReference; lastKnownFileType = file.storyboard; name = Base; path = Base.lproj/LaunchScreen.storyboard; sourceTree = "<group>"; };
		3FD7563A22C3C1ED0099C7BF /* Info.plist */ = {isa = PBXFileReference; lastKnownFileType = text.plist.xml; path = Info.plist; sourceTree = "<group>"; };
		3FD7563F22C3C1ED0099C7BF /* Is PrimeTests.xctest */ = {isa = PBXFileReference; explicitFileType = wrapper.cfbundle; includeInIndex = 0; path = "Is PrimeTests.xctest"; sourceTree = BUILT_PRODUCTS_DIR; };
		3FD7564322C3C1ED0099C7BF /* Is_PrimeTests.swift */ = {isa = PBXFileReference; lastKnownFileType = sourcecode.swift; path = Is_PrimeTests.swift; sourceTree = "<group>"; };
		3FD7564522C3C1ED0099C7BF /* Info.plist */ = {isa = PBXFileReference; lastKnownFileType = text.plist.xml; path = Info.plist; sourceTree = "<group>"; };
		3FD7564A22C3C1ED0099C7BF /* Is PrimeUITests.xctest */ = {isa = PBXFileReference; explicitFileType = wrapper.cfbundle; includeInIndex = 0; path = "Is PrimeUITests.xctest"; sourceTree = BUILT_PRODUCTS_DIR; };
		3FD7564E22C3C1ED0099C7BF /* Is_PrimeUITests.swift */ = {isa = PBXFileReference; lastKnownFileType = sourcecode.swift; path = Is_PrimeUITests.swift; sourceTree = "<group>"; };
		3FD7565022C3C1ED0099C7BF /* Info.plist */ = {isa = PBXFileReference; lastKnownFileType = text.plist.xml; path = Info.plist; sourceTree = "<group>"; };
/* End PBXFileReference section */

/* Begin PBXFrameworksBuildPhase section */
		3FD7562822C3C1EB0099C7BF /* Frameworks */ = {
			isa = PBXFrameworksBuildPhase;
			buildActionMask = 2147483647;
			files = (
			);
			runOnlyForDeploymentPostprocessing = 0;
		};
		3FD7563C22C3C1ED0099C7BF /* Frameworks */ = {
			isa = PBXFrameworksBuildPhase;
			buildActionMask = 2147483647;
			files = (
			);
			runOnlyForDeploymentPostprocessing = 0;
		};
		3FD7564722C3C1ED0099C7BF /* Frameworks */ = {
			isa = PBXFrameworksBuildPhase;
			buildActionMask = 2147483647;
			files = (
			);
			runOnlyForDeploymentPostprocessing = 0;
		};
/* End PBXFrameworksBuildPhase section */

/* Begin PBXGroup section */
		3FD7562222C3C1EB0099C7BF = {
			isa = PBXGroup;
			children = (
				3FD7562D22C3C1EB0099C7BF /* Is Prime */,
				3FD7564222C3C1ED0099C7BF /* Is PrimeTests */,
				3FD7564D22C3C1ED0099C7BF /* Is PrimeUITests */,
				3FD7562C22C3C1EB0099C7BF /* Products */,
			);
			sourceTree = "<group>";
		};
		3FD7562C22C3C1EB0099C7BF /* Products */ = {
			isa = PBXGroup;
			children = (
				3FD7562B22C3C1EB0099C7BF /* Is Prime.app */,
				3FD7563F22C3C1ED0099C7BF /* Is PrimeTests.xctest */,
				3FD7564A22C3C1ED0099C7BF /* Is PrimeUITests.xctest */,
			);
			name = Products;
			sourceTree = "<group>";
		};
		3FD7562D22C3C1EB0099C7BF /* Is Prime */ = {
			isa = PBXGroup;
			children = (
				3FD7562E22C3C1EB0099C7BF /* AppDelegate.swift */,
				3FD7563022C3C1EB0099C7BF /* ViewController.swift */,
				3FD7563222C3C1EB0099C7BF /* Main.storyboard */,
				3FD7563522C3C1ED0099C7BF /* Assets.xcassets */,
				3FD7563722C3C1ED0099C7BF /* LaunchScreen.storyboard */,
				3FD7563A22C3C1ED0099C7BF /* Info.plist */,
			);
			path = "Is Prime";
			sourceTree = "<group>";
		};
		3FD7564222C3C1ED0099C7BF /* Is PrimeTests */ = {
			isa = PBXGroup;
			children = (
				3FD7564322C3C1ED0099C7BF /* Is_PrimeTests.swift */,
				3FD7564522C3C1ED0099C7BF /* Info.plist */,
			);
			path = "Is PrimeTests";
			sourceTree = "<group>";
		};
		3FD7564D22C3C1ED0099C7BF /* Is PrimeUITests */ = {
			isa = PBXGroup;
			children = (
				3FD7564E22C3C1ED0099C7BF /* Is_PrimeUITests.swift */,
				3FD7565022C3C1ED0099C7BF /* Info.plist */,
			);
			path = "Is PrimeUITests";
			sourceTree = "<group>";
		};
/* End PBXGroup section */

/* Begin PBXNativeTarget section */
		3FD7562A22C3C1EB0099C7BF /* Is Prime */ = {
			isa = PBXNativeTarget;
			buildConfigurationList = 3FD7565322C3C1ED0099C7BF /* Build configuration list for PBXNativeTarget "Is Prime" */;
			buildPhases = (
				3FD7562722C3C1EB0099C7BF /* Sources */,
				3FD7562822C3C1EB0099C7BF /* Frameworks */,
				3FD7562922C3C1EB0099C7BF /* Resources */,
			);
			buildRules = (
			);
			dependencies = (
			);
			name = "Is Prime";
			productName = "Is Prime";
			productReference = 3FD7562B22C3C1EB0099C7BF /* Is Prime.app */;
			productType = "com.apple.product-type.application";
		};
		3FD7563E22C3C1ED0099C7BF /* Is PrimeTests */ = {
			isa = PBXNativeTarget;
			buildConfigurationList = 3FD7565622C3C1ED0099C7BF /* Build configuration list for PBXNativeTarget "Is PrimeTests" */;
			buildPhases = (
				3FD7563B22C3C1ED0099C7BF /* Sources */,
				3FD7563C22C3C1ED0099C7BF /* Frameworks */,
				3FD7563D22C3C1ED0099C7BF /* Resources */,
			);
			buildRules = (
			);
			dependencies = (
				3FD7564122C3C1ED0099C7BF /* PBXTargetDependency */,
			);
			name = "Is PrimeTests";
			productName = "Is PrimeTests";
			productReference = 3FD7563F22C3C1ED0099C7BF /* Is PrimeTests.xctest */;
			productType = "com.apple.product-type.bundle.unit-test";
		};
		3FD7564922C3C1ED0099C7BF /* Is PrimeUITests */ = {
			isa = PBXNativeTarget;
			buildConfigurationList = 3FD7565922C3C1ED0099C7BF /* Build configuration list for PBXNativeTarget "Is PrimeUITests" */;
			buildPhases = (
				3FD7564622C3C1ED0099C7BF /* Sources */,
				3FD7564722C3C1ED0099C7BF /* Frameworks */,
				3FD7564822C3C1ED0099C7BF /* Resources */,
			);
			buildRules = (
			);
			dependencies = (
				3FD7564C22C3C1ED0099C7BF /* PBXTargetDependency */,
			);
			name = "Is PrimeUITests";
			productName = "Is PrimeUITests";
			productReference = 3FD7564A22C3C1ED0099C7BF /* Is PrimeUITests.xctest */;
			productType = "com.apple.product-type.bundle.ui-testing";
		};
/* End PBXNativeTarget section */

/* Begin PBXProject section */
		3FD7562322C3C1EB0099C7BF /* Project object */ = {
			isa = PBXProject;
			attributes = {
				LastSwiftUpdateCheck = 1010;
				LastUpgradeCheck = 1010;
				ORGANIZATIONNAME = student;
				TargetAttributes = {
					3FD7562A22C3C1EB0099C7BF = {
						CreatedOnToolsVersion = 10.1;
					};
					3FD7563E22C3C1ED0099C7BF = {
						CreatedOnToolsVersion = 10.1;
						TestTargetID = 3FD7562A22C3C1EB0099C7BF;
					};
					3FD7564922C3C1ED0099C7BF = {
						CreatedOnToolsVersion = 10.1;
						TestTargetID = 3FD7562A22C3C1EB0099C7BF;
					};
				};
			};
			buildConfigurationList = 3FD7562622C3C1EB0099C7BF /* Build configuration list for PBXProject "Is Prime" */;
			compatibilityVersion = "Xcode 9.3";
			developmentRegion = en;
			hasScannedForEncodings = 0;
			knownRegions = (
				en,
				Base,
			);
			mainGroup = 3FD7562222C3C1EB0099C7BF;
			productRefGroup = 3FD7562C22C3C1EB0099C7BF /* Products */;
			projectDirPath = "";
			projectRoot = "";
			targets = (
				3FD7562A22C3C1EB0099C7BF /* Is Prime */,
				3FD7563E22C3C1ED0099C7BF /* Is PrimeTests */,
				3FD7564922C3C1ED0099C7BF /* Is PrimeUITests */,
			);
		};
/* End PBXProject section */

/* Begin PBXResourcesBuildPhase section */
		3FD7562922C3C1EB0099C7BF /* Resources */ = {
			isa = PBXResourcesBuildPhase;
			buildActionMask = 2147483647;
			files = (
				3FD7563922C3C1ED0099C7BF /* LaunchScreen.storyboard in Resources */,
				3FD7563622C3C1ED0099C7BF /* Assets.xcassets in Resources */,
				3FD7563422C3C1EB0099C7BF /* Main.storyboard in Resources */,
			);
			runOnlyForDeploymentPostprocessing = 0;
		};
		3FD7563D22C3C1ED0099C7BF /* Resources */ = {
			isa = PBXResourcesBuildPhase;
			buildActionMask = 2147483647;
			files = (
			);
			runOnlyForDeploymentPostprocessing = 0;
		};
		3FD7564822C3C1ED0099C7BF /* Resources */ = {
			isa = PBXResourcesBuildPhase;
			buildActionMask = 2147483647;
			files = (
			);
			runOnlyForDeploymentPostprocessing = 0;
		};
/* End PBXResourcesBuildPhase section */

/* Begin PBXSourcesBuildPhase section */
		3FD7562722C3C1EB0099C7BF /* Sources */ = {
			isa = PBXSourcesBuildPhase;
			buildActionMask = 2147483647;
			files = (
				3FD7563122C3C1EB0099C7BF /* ViewController.swift in Sources */,
				3FD7562F22C3C1EB0099C7BF /* AppDelegate.swift in Sources */,
			);
			runOnlyForDeploymentPostprocessing = 0;
		};
		3FD7563B22C3C1ED0099C7BF /* Sources */ = {
			isa = PBXSourcesBuildPhase;
			buildActionMask = 2147483647;
			files = (
				3FD7564422C3C1ED0099C7BF /* Is_PrimeTests.swift in Sources */,
			);
			runOnlyForDeploymentPostprocessing = 0;
		};
		3FD7564622C3C1ED0099C7BF /* Sources */ = {
			isa = PBXSourcesBuildPhase;
			buildActionMask = 2147483647;
			files = (
				3FD7564F22C3C1ED0099C7BF /* Is_PrimeUITests.swift in Sources */,
			);
			runOnlyForDeploymentPostprocessing = 0;
		};
/* End PBXSourcesBuildPhase section */

/* Begin PBXTargetDependency section */
		3FD7564122C3C1ED0099C7BF /* PBXTargetDependency */ = {
			isa = PBXTargetDependency;
			target = 3FD7562A22C3C1EB0099C7BF /* Is Prime */;
			targetProxy = 3FD7564022C3C1ED0099C7BF /* PBXContainerItemProxy */;
		};
		3FD7564C22C3C1ED0099C7BF /* PBXTargetDependency */ = {
			isa = PBXTargetDependency;
			target = 3FD7562A22C3C1EB0099C7BF /* Is Prime */;
			targetProxy = 3FD7564B22C3C1ED0099C7BF /* PBXContainerItemProxy */;
		};
/* End PBXTargetDependency section */

/* Begin PBXVariantGroup section */
		3FD7563222C3C1EB0099C7BF /* Main.storyboard */ = {
			isa = PBXVariantGroup;
			children = (
				3FD7563322C3C1EB0099C7BF /* Base */,
			);
			name = Main.storyboard;
			sourceTree = "<group>";
		};
		3FD7563722C3C1ED0099C7BF /* LaunchScreen.storyboard */ = {
			isa = PBXVariantGroup;
			children = (
				3FD7563822C3C1ED0099C7BF /* Base */,
			);
			name = LaunchScreen.storyboard;
			sourceTree = "<group>";
		};
/* End PBXVariantGroup section */

/* Begin XCBuildConfiguration section */
		3FD7565122C3C1ED0099C7BF /* Debug */ = {
			isa = XCBuildConfiguration;
			buildSettings = {
				ALWAYS_SEARCH_USER_PATHS = NO;
				CLANG_ANALYZER_NONNULL = YES;
				CLANG_ANALYZER_NUMBER_OBJECT_CONVERSION = YES_AGGRESSIVE;
				CLANG_CXX_LANGUAGE_STANDARD = "gnu++14";
				CLANG_CXX_LIBRARY = "libc++";
				CLANG_ENABLE_MODULES = YES;
				CLANG_ENABLE_OBJC_ARC = YES;
				CLANG_ENABLE_OBJC_WEAK = YES;
				CLANG_WARN_BLOCK_CAPTURE_AUTORELEASING = YES;
				CLANG_WARN_BOOL_CONVERSION = YES;
				CLANG_WARN_COMMA = YES;
				CLANG_WARN_CONSTANT_CONVERSION = YES;
				CLANG_WARN_DEPRECATED_OBJC_IMPLEMENTATIONS = YES;
				CLANG_WARN_DIRECT_OBJC_ISA_USAGE = YES_ERROR;
				CLANG_WARN_DOCUMENTATION_COMMENTS = YES;
				CLANG_WARN_EMPTY_BODY = YES;
				CLANG_WARN_ENUM_CONVERSION = YES;
				CLANG_WARN_INFINITE_RECURSION = YES;
				CLANG_WARN_INT_CONVERSION = YES;
				CLANG_WARN_NON_LITERAL_NULL_CONVERSION = YES;
				CLANG_WARN_OBJC_IMPLICIT_RETAIN_SELF = YES;
				CLANG_WARN_OBJC_LITERAL_CONVERSION = YES;
				CLANG_WARN_OBJC_ROOT_CLASS = YES_ERROR;
				CLANG_WARN_RANGE_LOOP_ANALYSIS = YES;
				CLANG_WARN_STRICT_PROTOTYPES = YES;
				CLANG_WARN_SUSPICIOUS_MOVE = YES;
				CLANG_WARN_UNGUARDED_AVAILABILITY = YES_AGGRESSIVE;
				CLANG_WARN_UNREACHABLE_CODE = YES;
				CLANG_WARN__DUPLICATE_METHOD_MATCH = YES;
				CODE_SIGN_IDENTITY = "iPhone Developer";
				COPY_PHASE_STRIP = NO;
				DEBUG_INFORMATION_FORMAT = dwarf;
				ENABLE_STRICT_OBJC_MSGSEND = YES;
				ENABLE_TESTABILITY = YES;
				GCC_C_LANGUAGE_STANDARD = gnu11;
				GCC_DYNAMIC_NO_PIC = NO;
				GCC_NO_COMMON_BLOCKS = YES;
				GCC_OPTIMIZATION_LEVEL = 0;
				GCC_PREPROCESSOR_DEFINITIONS = (
					"DEBUG=1",
					"$(inherited)",
				);
				GCC_WARN_64_TO_32_BIT_CONVERSION = YES;
				GCC_WARN_ABOUT_RETURN_TYPE = YES_ERROR;
				GCC_WARN_UNDECLARED_SELECTOR = YES;
				GCC_WARN_UNINITIALIZED_AUTOS = YES_AGGRESSIVE;
				GCC_WARN_UNUSED_FUNCTION = YES;
				GCC_WARN_UNUSED_VARIABLE = YES;
				IPHONEOS_DEPLOYMENT_TARGET = 12.1;
				MTL_ENABLE_DEBUG_INFO = INCLUDE_SOURCE;
				MTL_FAST_MATH = YES;
				ONLY_ACTIVE_ARCH = YES;
				SDKROOT = iphoneos;
				SWIFT_ACTIVE_COMPILATION_CONDITIONS = DEBUG;
				SWIFT_OPTIMIZATION_LEVEL = "-Onone";
			};
			name = Debug;
		};
		3FD7565222C3C1ED0099C7BF /* Release */ = {
			isa = XCBuildConfiguration;
			buildSettings = {
				ALWAYS_SEARCH_USER_PATHS = NO;
				CLANG_ANALYZER_NONNULL = YES;
				CLANG_ANALYZER_NUMBER_OBJECT_CONVERSION = YES_AGGRESSIVE;
				CLANG_CXX_LANGUAGE_STANDARD = "gnu++14";
				CLANG_CXX_LIBRARY = "libc++";
				CLANG_ENABLE_MODULES = YES;
				CLANG_ENABLE_OBJC_ARC = YES;
				CLANG_ENABLE_OBJC_WEAK = YES;
				CLANG_WARN_BLOCK_CAPTURE_AUTORELEASING = YES;
				CLANG_WARN_BOOL_CONVERSION = YES;
				CLANG_WARN_COMMA = YES;
				CLANG_WARN_CONSTANT_CONVERSION = YES;
				CLANG_WARN_DEPRECATED_OBJC_IMPLEMENTATIONS = YES;
				CLANG_WARN_DIRECT_OBJC_ISA_USAGE = YES_ERROR;
				CLANG_WARN_DOCUMENTATION_COMMENTS = YES;
				CLANG_WARN_EMPTY_BODY = YES;
				CLANG_WARN_ENUM_CONVERSION = YES;
				CLANG_WARN_INFINITE_RECURSION = YES;
				CLANG_WARN_INT_CONVERSION = YES;
				CLANG_WARN_NON_LITERAL_NULL_CONVERSION = YES;
				CLANG_WARN_OBJC_IMPLICIT_RETAIN_SELF = YES;
				CLANG_WARN_OBJC_LITERAL_CONVERSION = YES;
				CLANG_WARN_OBJC_ROOT_CLASS = YES_ERROR;
				CLANG_WARN_RANGE_LOOP_ANALYSIS = YES;
				CLANG_WARN_STRICT_PROTOTYPES = YES;
				CLANG_WARN_SUSPICIOUS_MOVE = YES;
				CLANG_WARN_UNGUARDED_AVAILABILITY = YES_AGGRESSIVE;
				CLANG_WARN_UNREACHABLE_CODE = YES;
				CLANG_WARN__DUPLICATE_METHOD_MATCH = YES;
				CODE_SIGN_IDENTITY = "iPhone Developer";
				COPY_PHASE_STRIP = NO;
				DEBUG_INFORMATION_FORMAT = "dwarf-with-dsym";
				ENABLE_NS_ASSERTIONS = NO;
				ENABLE_STRICT_OBJC_MSGSEND = YES;
				GCC_C_LANGUAGE_STANDARD = gnu11;
				GCC_NO_COMMON_BLOCKS = YES;
				GCC_WARN_64_TO_32_BIT_CONVERSION = YES;
				GCC_WARN_ABOUT_RETURN_TYPE = YES_ERROR;
				GCC_WARN_UNDECLARED_SELECTOR = YES;
				GCC_WARN_UNINITIALIZED_AUTOS = YES_AGGRESSIVE;
				GCC_WARN_UNUSED_FUNCTION = YES;
				GCC_WARN_UNUSED_VARIABLE = YES;
				IPHONEOS_DEPLOYMENT_TARGET = 12.1;
				MTL_ENABLE_DEBUG_INFO = NO;
				MTL_FAST_MATH = YES;
				SDKROOT = iphoneos;
				SWIFT_COMPILATION_MODE = wholemodule;
				SWIFT_OPTIMIZATION_LEVEL = "-O";
				VALIDATE_PRODUCT = YES;
			};
			name = Release;
		};
		3FD7565422C3C1ED0099C7BF /* Debug */ = {
			isa = XCBuildConfiguration;
			buildSettings = {
				ASSETCATALOG_COMPILER_APPICON_NAME = AppIcon;
				CODE_SIGN_STYLE = Automatic;
				INFOPLIST_FILE = "Is Prime/Info.plist";
				LD_RUNPATH_SEARCH_PATHS = (
					"$(inherited)",
					"@executable_path/Frameworks",
				);
				PRODUCT_BUNDLE_IDENTIFIER = "test.Is-Prime";
				PRODUCT_NAME = "$(TARGET_NAME)";
				SWIFT_VERSION = 4.2;
				TARGETED_DEVICE_FAMILY = "1,2";
			};
			name = Debug;
		};
		3FD7565522C3C1ED0099C7BF /* Release */ = {
			isa = XCBuildConfiguration;
			buildSettings = {
				ASSETCATALOG_COMPILER_APPICON_NAME = AppIcon;
				CODE_SIGN_STYLE = Automatic;
				INFOPLIST_FILE = "Is Prime/Info.plist";
				LD_RUNPATH_SEARCH_PATHS = (
					"$(inherited)",
					"@executable_path/Frameworks",
				);
				PRODUCT_BUNDLE_IDENTIFIER = "test.Is-Prime";
				PRODUCT_NAME = "$(TARGET_NAME)";
				SWIFT_VERSION = 4.2;
				TARGETED_DEVICE_FAMILY = "1,2";
			};
			name = Release;
		};
		3FD7565722C3C1ED0099C7BF /* Debug */ = {
			isa = XCBuildConfiguration;
			buildSettings = {
				ALWAYS_EMBED_SWIFT_STANDARD_LIBRARIES = YES;
				BUNDLE_LOADER = "$(TEST_HOST)";
				CODE_SIGN_STYLE = Automatic;
				INFOPLIST_FILE = "Is PrimeTests/Info.plist";
				LD_RUNPATH_SEARCH_PATHS = (
					"$(inherited)",
					"@executable_path/Frameworks",
					"@loader_path/Frameworks",
				);
				PRODUCT_BUNDLE_IDENTIFIER = "test.Is-PrimeTests";
				PRODUCT_NAME = "$(TARGET_NAME)";
				SWIFT_VERSION = 4.2;
				TARGETED_DEVICE_FAMILY = "1,2";
				TEST_HOST = "$(BUILT_PRODUCTS_DIR)/Is Prime.app/Is Prime";
			};
			name = Debug;
		};
		3FD7565822C3C1ED0099C7BF /* Release */ = {
			isa = XCBuildConfiguration;
			buildSettings = {
				ALWAYS_EMBED_SWIFT_STANDARD_LIBRARIES = YES;
				BUNDLE_LOADER = "$(TEST_HOST)";
				CODE_SIGN_STYLE = Automatic;
				INFOPLIST_FILE = "Is PrimeTests/Info.plist";
				LD_RUNPATH_SEARCH_PATHS = (
					"$(inherited)",
					"@executable_path/Frameworks",
					"@loader_path/Frameworks",
				);
				PRODUCT_BUNDLE_IDENTIFIER = "test.Is-PrimeTests";
				PRODUCT_NAME = "$(TARGET_NAME)";
				SWIFT_VERSION = 4.2;
				TARGETED_DEVICE_FAMILY = "1,2";
				TEST_HOST = "$(BUILT_PRODUCTS_DIR)/Is Prime.app/Is Prime";
			};
			name = Release;
		};
		3FD7565A22C3C1ED0099C7BF /* Debug */ = {
			isa = XCBuildConfiguration;
			buildSettings = {
				ALWAYS_EMBED_SWIFT_STANDARD_LIBRARIES = YES;
				CODE_SIGN_STYLE = Automatic;
				INFOPLIST_FILE = "Is PrimeUITests/Info.plist";
				LD_RUNPATH_SEARCH_PATHS = (
					"$(inherited)",
					"@executable_path/Frameworks",
					"@loader_path/Frameworks",
				);
				PRODUCT_BUNDLE_IDENTIFIER = "test.Is-PrimeUITests";
				PRODUCT_NAME = "$(TARGET_NAME)";
				SWIFT_VERSION = 4.2;
				TARGETED_DEVICE_FAMILY = "1,2";
				TEST_TARGET_NAME = "Is Prime";
			};
			name = Debug;
		};
		3FD7565B22C3C1ED0099C7BF /* Release */ = {
			isa = XCBuildConfiguration;
			buildSettings = {
				ALWAYS_EMBED_SWIFT_STANDARD_LIBRARIES = YES;
				CODE_SIGN_STYLE = Automatic;
				INFOPLIST_FILE = "Is PrimeUITests/Info.plist";
				LD_RUNPATH_SEARCH_PATHS = (
					"$(inherited)",
					"@executable_path/Frameworks",
					"@loader_path/Frameworks",
				);
				PRODUCT_BUNDLE_IDENTIFIER = "test.Is-PrimeUITests";
				PRODUCT_NAME = "$(TARGET_NAME)";
				SWIFT_VERSION = 4.2;
				TARGETED_DEVICE_FAMILY = "1,2";
				TEST_TARGET_NAME = "Is Prime";
			};
			name = Release;
		};
/* End XCBuildConfiguration section */

/* Begin XCConfigurationList section */
		3FD7562622C3C1EB0099C7BF /* Build configuration list for PBXProject "Is Prime" */ = {
			isa = XCConfigurationList;
			buildConfigurations = (
				3FD7565122C3C1ED0099C7BF /* Debug */,
				3FD7565222C3C1ED0099C7BF /* Release */,
			);
			defaultConfigurationIsVisible = 0;
			defaultConfigurationName = Release;
		};
		3FD7565322C3C1ED0099C7BF /* Build configuration list for PBXNativeTarget "Is Prime" */ = {
			isa = XCConfigurationList;
			buildConfigurations = (
				3FD7565422C3C1ED0099C7BF /* Debug */,
				3FD7565522C3C1ED0099C7BF /* Release */,
			);
			defaultConfigurationIsVisible = 0;
			defaultConfigurationName = Release;
		};
		3FD7565622C3C1ED0099C7BF /* Build configuration list for PBXNativeTarget "Is PrimeTests" */ = {
			isa = XCConfigurationList;
			buildConfigurations = (
				3FD7565722C3C1ED0099C7BF /* Debug */,
				3FD7565822C3C1ED0099C7BF /* Release */,
			);
			defaultConfigurationIsVisible = 0;
			defaultConfigurationName = Release;
		};
		3FD7565922C3C1ED0099C7BF /* Build configuration list for PBXNativeTarget "Is PrimeUITests" */ = {
			isa = XCConfigurationList;
			buildConfigurations = (
				3FD7565A22C3C1ED0099C7BF /* Debug */,
				3FD7565B22C3C1ED0099C7BF /* Release */,
			);
			defaultConfigurationIsVisible = 0;
			defaultConfigurationName = Release;
		};
/* End XCConfigurationList section */
	};
	rootObject = 3FD7562322C3C1EB0099C7BF /* Project object */;
}
